
Microsoft Visual Studio Solution File, Format Version 12.00
# Visual Studio 15
VisualStudioVersion = 15.0.26430.6
MinimumVisualStudioVersion = 10.0.40219.1
Project("{FAE04EC0-301F-11D3-BF4B-00C04F79EFBC}") = "MessageSender", "MessageSender\MessageSender.csproj", "{C34E73EE-1462-4FE3-90B3-47A562BA0EC5}"
EndProject
Project("{FAE04EC0-301F-11D3-BF4B-00C04F79EFBC}") = "SingleHubClientFilter", "SingleHubClientFilter\SingleHubClientFilter.csproj", "{B5500610-F48A-4100-A867-1194B59886BD}"
EndProject
Project("{FAE04EC0-301F-11D3-BF4B-00C04F79EFBC}") = "SingleHubServerFilter", "SingleHubServerFilter\SingleHubServerFilter.csproj", "{956CE2A4-57B8-4C65-A6D3-C2ECDF07D147}"
EndProject
Project("{FAE04EC0-301F-11D3-BF4B-00C04F79EFBC}") = "MultipleHubServerFilter", "MultipleHubServerFilter\MultipleHubServerFilter.csproj", "{AAB15208-DEB3-4C5A-B447-1F6A524468D9}"
EndProject
Project("{FAE04EC0-301F-11D3-BF4B-00C04F79EFBC}") = "MultipleHubServerFilter.Core", "MultipleHubServerFilter.Core\MultipleHubServerFilter.Core.csproj", "{0A76995E-F5DC-49CF-A49C-26725260A405}"
EndProject
Global
	GlobalSection(SolutionConfigurationPlatforms) = preSolution
		Debug|Any CPU = Debug|Any CPU
		Release|Any CPU = Release|Any CPU
	EndGlobalSection
	GlobalSection(ProjectConfigurationPlatforms) = postSolution
		{C34E73EE-1462-4FE3-90B3-47A562BA0EC5}.Debug|Any CPU.ActiveCfg = Debug|Any CPU
		{C34E73EE-1462-4FE3-90B3-47A562BA0EC5}.Debug|Any CPU.Build.0 = Debug|Any CPU
		{C34E73EE-1462-4FE3-90B3-47A562BA0EC5}.Release|Any CPU.ActiveCfg = Release|Any CPU
		{C34E73EE-1462-4FE3-90B3-47A562BA0EC5}.Release|Any CPU.Build.0 = Release|Any CPU
		{B5500610-F48A-4100-A867-1194B59886BD}.Debug|Any CPU.ActiveCfg = Debug|Any CPU
		{B5500610-F48A-4100-A867-1194B59886BD}.Debug|Any CPU.Build.0 = Debug|Any CPU
		{B5500610-F48A-4100-A867-1194B59886BD}.Release|Any CPU.ActiveCfg = Release|Any CPU
		{B5500610-F48A-4100-A867-1194B59886BD}.Release|Any CPU.Build.0 = Release|Any CPU
		{956CE2A4-57B8-4C65-A6D3-C2ECDF07D147}.Debug|Any CPU.ActiveCfg = Debug|Any CPU
		{956CE2A4-57B8-4C65-A6D3-C2ECDF07D147}.Debug|Any CPU.Build.0 = Debug|Any CPU
		{956CE2A4-57B8-4C65-A6D3-C2ECDF07D147}.Release|Any CPU.ActiveCfg = Release|Any CPU
		{956CE2A4-57B8-4C65-A6D3-C2ECDF07D147}.Release|Any CPU.Build.0 = Release|Any CPU
		{AAB15208-DEB3-4C5A-B447-1F6A524468D9}.Debug|Any CPU.ActiveCfg = Debug|Any CPU
		{AAB15208-DEB3-4C5A-B447-1F6A524468D9}.Debug|Any CPU.Build.0 = Debug|Any CPU
		{AAB15208-DEB3-4C5A-B447-1F6A524468D9}.Release|Any CPU.ActiveCfg = Release|Any CPU
		{AAB15208-DEB3-4C5A-B447-1F6A524468D9}.Release|Any CPU.Build.0 = Release|Any CPU
		{0A76995E-F5DC-49CF-A49C-26725260A405}.Debug|Any CPU.ActiveCfg = Debug|Any CPU
		{0A76995E-F5DC-49CF-A49C-26725260A405}.Debug|Any CPU.Build.0 = Debug|Any CPU
		{0A76995E-F5DC-49CF-A49C-26725260A405}.Release|Any CPU.ActiveCfg = Release|Any CPU
		{0A76995E-F5DC-49CF-A49C-26725260A405}.Release|Any CPU.Build.0 = Release|Any CPU
	EndGlobalSection
	GlobalSection(SolutionProperties) = preSolution
		HideSolutionNode = FALSE
	EndGlobalSection
	GlobalSection(ExtensibilityGlobals) = postSolution
		SolutionGuid = {DB64FED4-C5C2-4813-A2BD-CF66B0795209}
	EndGlobalSection
	GlobalSection(TeamFoundationVersionControl) = preSolution
		SccNumberOfProjects = 6
		SccEnterpriseProvider = {4CA58AB2-18FA-4F8D-95D4-32DDF27D184C}
		SccTeamFoundationServer = https://nimccoll.visualstudio.com/
		SccLocalPath0 = .
		SccProjectUniqueName1 = MessageSender\\MessageSender.csproj
		SccProjectName1 = MessageSender
		SccLocalPath1 = MessageSender
		SccProjectUniqueName2 = MultipleHubServerFilter\\MultipleHubServerFilter.csproj
		SccProjectName2 = MultipleHubServerFilter
		SccLocalPath2 = MultipleHubServerFilter
		SccProjectUniqueName3 = SingleHubClientFilter\\SingleHubClientFilter.csproj
		SccProjectName3 = SingleHubClientFilter
		SccLocalPath3 = SingleHubClientFilter
		SccProjectUniqueName4 = SingleHubServerFilter\\SingleHubServerFilter.csproj
		SccProjectName4 = SingleHubServerFilter
		SccLocalPath4 = SingleHubServerFilter
		SccProjectUniqueName5 = MultipleHubServerFilter.Core\\MultipleHubServerFilter.Core.csproj
		SccProjectName5 = MultipleHubServerFilter.Core
		SccLocalPath5 = MultipleHubServerFilter.Core
	EndGlobalSection
EndGlobal
